
Microsoft Visual Studio Solution File, Format Version 12.00
# Visual Studio Version 16
VisualStudioVersion = 16.0.30804.86
MinimumVisualStudioVersion = 10.0.40219.1
Project("{9A19103F-16F7-4668-BE54-9A1E7A4F7556}") = "Exerc2_Salario", "Exerc2_Salario\Exerc2_Salario.csproj", "{36D349ED-6E2F-4ADF-9271-71D773D34DE7}"
EndProject
Project("{9A19103F-16F7-4668-BE54-9A1E7A4F7556}") = "Exerc3_Multiplos3", "Exerc3_Multiplos3\Exerc3_Multiplos3.csproj", "{0DD247A9-FB05-485C-9266-9D50AF6C800B}"
EndProject
Project("{9A19103F-16F7-4668-BE54-9A1E7A4F7556}") = "Exerc1_Calculadora", "Exerc1_Calculadora\Exerc1_Calculadora.csproj", "{183B9AB9-C185-4CC5-A2DB-3CC7A118FD16}"
EndProject
Project("{FAE04EC0-301F-11D3-BF4B-00C04F79EFBC}") = "Exerc4_Alunos", "Exerc4_Alunos\Exerc4_Alunos.csproj", "{1E39510E-E335-483E-A79E-F2C3182451A0}"
EndProject
Project("{FAE04EC0-301F-11D3-BF4B-00C04F79EFBC}") = "Exerc5_Bhaskara", "Exerc5_Bhaskara\Exerc5_Bhaskara.csproj", "{71AD54DE-FEB4-46E4-8F55-7F2C0E8D9F72}"
EndProject
Project("{FAE04EC0-301F-11D3-BF4B-00C04F79EFBC}") = "Exerc6_Diferenca", "Exerc6_Diferenca\Exerc6_Diferenca.csproj", "{E7DB62D2-0C76-4EE1-AAFF-5A0EA18CCF2A}"
EndProject
Project("{FAE04EC0-301F-11D3-BF4B-00C04F79EFBC}") = "Exerc7_SomaPares", "Exerc7_SomaPares\Exerc7_SomaPares.csproj", "{5D60D217-D661-4CF1-8097-C310CE06F1F5}"
EndProject
Project("{2150E333-8FDC-42A3-9474-1A3956D46DE8}") = "TrabalhandoNoConsole", "TrabalhandoNoConsole", "{86C93D75-1C52-47E4-9867-1593715CE674}"
EndProject
Project("{2150E333-8FDC-42A3-9474-1A3956D46DE8}") = "UsandoPOO", "UsandoPOO", "{D216D5CF-A459-4AD2-B2EB-051E531AFDCC}"
EndProject
Global
	GlobalSection(SolutionConfigurationPlatforms) = preSolution
		Debug|Any CPU = Debug|Any CPU
		Release|Any CPU = Release|Any CPU
	EndGlobalSection
	GlobalSection(ProjectConfigurationPlatforms) = postSolution
		{36D349ED-6E2F-4ADF-9271-71D773D34DE7}.Debug|Any CPU.ActiveCfg = Debug|Any CPU
		{36D349ED-6E2F-4ADF-9271-71D773D34DE7}.Debug|Any CPU.Build.0 = Debug|Any CPU
		{36D349ED-6E2F-4ADF-9271-71D773D34DE7}.Release|Any CPU.ActiveCfg = Release|Any CPU
		{36D349ED-6E2F-4ADF-9271-71D773D34DE7}.Release|Any CPU.Build.0 = Release|Any CPU
		{0DD247A9-FB05-485C-9266-9D50AF6C800B}.Debug|Any CPU.ActiveCfg = Debug|Any CPU
		{0DD247A9-FB05-485C-9266-9D50AF6C800B}.Debug|Any CPU.Build.0 = Debug|Any CPU
		{0DD247A9-FB05-485C-9266-9D50AF6C800B}.Release|Any CPU.ActiveCfg = Release|Any CPU
		{0DD247A9-FB05-485C-9266-9D50AF6C800B}.Release|Any CPU.Build.0 = Release|Any CPU
		{183B9AB9-C185-4CC5-A2DB-3CC7A118FD16}.Debug|Any CPU.ActiveCfg = Debug|Any CPU
		{183B9AB9-C185-4CC5-A2DB-3CC7A118FD16}.Debug|Any CPU.Build.0 = Debug|Any CPU
		{183B9AB9-C185-4CC5-A2DB-3CC7A118FD16}.Release|Any CPU.ActiveCfg = Release|Any CPU
		{183B9AB9-C185-4CC5-A2DB-3CC7A118FD16}.Release|Any CPU.Build.0 = Release|Any CPU
		{1E39510E-E335-483E-A79E-F2C3182451A0}.Debug|Any CPU.ActiveCfg = Debug|Any CPU
		{1E39510E-E335-483E-A79E-F2C3182451A0}.Debug|Any CPU.Build.0 = Debug|Any CPU
		{1E39510E-E335-483E-A79E-F2C3182451A0}.Release|Any CPU.ActiveCfg = Release|Any CPU
		{1E39510E-E335-483E-A79E-F2C3182451A0}.Release|Any CPU.Build.0 = Release|Any CPU
		{71AD54DE-FEB4-46E4-8F55-7F2C0E8D9F72}.Debug|Any CPU.ActiveCfg = Debug|Any CPU
		{71AD54DE-FEB4-46E4-8F55-7F2C0E8D9F72}.Debug|Any CPU.Build.0 = Debug|Any CPU
		{71AD54DE-FEB4-46E4-8F55-7F2C0E8D9F72}.Release|Any CPU.ActiveCfg = Release|Any CPU
		{71AD54DE-FEB4-46E4-8F55-7F2C0E8D9F72}.Release|Any CPU.Build.0 = Release|Any CPU
		{E7DB62D2-0C76-4EE1-AAFF-5A0EA18CCF2A}.Debug|Any CPU.ActiveCfg = Debug|Any CPU
		{E7DB62D2-0C76-4EE1-AAFF-5A0EA18CCF2A}.Debug|Any CPU.Build.0 = Debug|Any CPU
		{E7DB62D2-0C76-4EE1-AAFF-5A0EA18CCF2A}.Release|Any CPU.ActiveCfg = Release|Any CPU
		{E7DB62D2-0C76-4EE1-AAFF-5A0EA18CCF2A}.Release|Any CPU.Build.0 = Release|Any CPU
		{5D60D217-D661-4CF1-8097-C310CE06F1F5}.Debug|Any CPU.ActiveCfg = Debug|Any CPU
		{5D60D217-D661-4CF1-8097-C310CE06F1F5}.Debug|Any CPU.Build.0 = Debug|Any CPU
		{5D60D217-D661-4CF1-8097-C310CE06F1F5}.Release|Any CPU.ActiveCfg = Release|Any CPU
		{5D60D217-D661-4CF1-8097-C310CE06F1F5}.Release|Any CPU.Build.0 = Release|Any CPU
	EndGlobalSection
	GlobalSection(SolutionProperties) = preSolution
		HideSolutionNode = FALSE
	EndGlobalSection
	GlobalSection(NestedProjects) = preSolution
		{36D349ED-6E2F-4ADF-9271-71D773D34DE7} = {86C93D75-1C52-47E4-9867-1593715CE674}
		{0DD247A9-FB05-485C-9266-9D50AF6C800B} = {86C93D75-1C52-47E4-9867-1593715CE674}
		{183B9AB9-C185-4CC5-A2DB-3CC7A118FD16} = {86C93D75-1C52-47E4-9867-1593715CE674}
		{1E39510E-E335-483E-A79E-F2C3182451A0} = {86C93D75-1C52-47E4-9867-1593715CE674}
		{71AD54DE-FEB4-46E4-8F55-7F2C0E8D9F72} = {86C93D75-1C52-47E4-9867-1593715CE674}
		{E7DB62D2-0C76-4EE1-AAFF-5A0EA18CCF2A} = {86C93D75-1C52-47E4-9867-1593715CE674}
		{5D60D217-D661-4CF1-8097-C310CE06F1F5} = {86C93D75-1C52-47E4-9867-1593715CE674}
	EndGlobalSection
	GlobalSection(ExtensibilityGlobals) = postSolution
		SolutionGuid = {EB3521FB-3FBB-4647-B159-7F6C3548204C}
	EndGlobalSection
EndGlobal
